// !$*UTF8*$!
{
	archiveVersion = 1;
	classes = {
	};
	objectVersion = 46;
	objects = {

/* Begin PBXGroup section */
		AADBD6D01ADB1374002EEB1D = {
			isa = PBXGroup;
			children = (
			);
			sourceTree = "<group>";
		};
/* End PBXGroup section */

/* Begin PBXProject section */
		AADBD6D11ADB1374002EEB1D /* Project object */ = {
			isa = PBXProject;
			attributes = {
				LastUpgradeCheck = 0630;
			};
			buildConfigurationList = AADBD6D41ADB1374002EEB1D /* Build configuration list for PBXProject "LODStories" */;
			compatibilityVersion = "Xcode 3.2";
			developmentRegion = English;
			hasScannedForEncodings = 0;
			knownRegions = (
				en,
			);
			mainGroup = AADBD6D01ADB1374002EEB1D;
			projectDirPath = "";
			projectRoot = "";
			targets = (
			);
		};
/* End PBXProject section */

/* Begin XCBuildConfiguration section */
		AADBD6D51ADB1374002EEB1D /* Debug */ = {
			isa = XCBuildConfiguration;
			buildSettings = {
			};
			name = Debug;
		};
		AADBD6D61ADB1374002EEB1D /* Release */ = {
			isa = XCBuildConfiguration;
			buildSettings = {
			};
			name = Release;
		};
/* End XCBuildConfiguration section */

/* Begin XCConfigurationList section */
		AADBD6D41ADB1374002EEB1D /* Build configuration list for PBXProject "LODStories" */ = {
			isa = XCConfigurationList;
			buildConfigurations = (
				AADBD6D51ADB1374002EEB1D /* Debug */,
				AADBD6D61ADB1374002EEB1D /* Release */,
			);
			defaultConfigurationIsVisible = 0;
			defaultConfigurationName = Release;
		};
/* End XCConfigurationList section */
	};
	rootObject = AADBD6D11ADB1374002EEB1D /* Project object */;
}
